// !$*UTF8*$!
{
	archiveVersion = 1;
	classes = {
	};
	objectVersion = 50;
	objects = {

/* Begin PBXBuildFile section */
		A5DEC61223FAE0DC00E9D08C /* AppDelegate.swift in Sources */ = {isa = PBXBuildFile; fileRef = A5DEC61123FAE0DC00E9D08C /* AppDelegate.swift */; };
		A5DEC61423FAE0DC00E9D08C /* SceneDelegate.swift in Sources */ = {isa = PBXBuildFile; fileRef = A5DEC61323FAE0DC00E9D08C /* SceneDelegate.swift */; };
		A5DEC61623FAE0DC00E9D08C /* ViewController.swift in Sources */ = {isa = PBXBuildFile; fileRef = A5DEC61523FAE0DC00E9D08C /* ViewController.swift */; };
		A5DEC61923FAE0DC00E9D08C /* Main.storyboard in Resources */ = {isa = PBXBuildFile; fileRef = A5DEC61723FAE0DC00E9D08C /* Main.storyboard */; };
		A5DEC61B23FAE0DD00E9D08C /* Assets.xcassets in Resources */ = {isa = PBXBuildFile; fileRef = A5DEC61A23FAE0DD00E9D08C /* Assets.xcassets */; };
		A5DEC61E23FAE0DD00E9D08C /* LaunchScreen.storyboard in Resources */ = {isa = PBXBuildFile; fileRef = A5DEC61C23FAE0DD00E9D08C /* LaunchScreen.storyboard */; };
/* End PBXBuildFile section */

/* Begin PBXFileReference section */
		A5DEC60E23FAE0DC00E9D08C /* UI View Practice.app */ = {isa = PBXFileReference; explicitFileType = wrapper.application; includeInIndex = 0; path = "UI View Practice.app"; sourceTree = BUILT_PRODUCTS_DIR; };
		A5DEC61123FAE0DC00E9D08C /* AppDelegate.swift */ = {isa = PBXFileReference; lastKnownFileType = sourcecode.swift; path = AppDelegate.swift; sourceTree = "<group>"; };
		A5DEC61323FAE0DC00E9D08C /* SceneDelegate.swift */ = {isa = PBXFileReference; lastKnownFileType = sourcecode.swift; path = SceneDelegate.swift; sourceTree = "<group>"; };
		A5DEC61523FAE0DC00E9D08C /* ViewController.swift */ = {isa = PBXFileReference; lastKnownFileType = sourcecode.swift; path = ViewController.swift; sourceTree = "<group>"; };
		A5DEC61823FAE0DC00E9D08C /* Base */ = {isa = PBXFileReference; lastKnownFileType = file.storyboard; name = Base; path = Base.lproj/Main.storyboard; sourceTree = "<group>"; };
		A5DEC61A23FAE0DD00E9D08C /* Assets.xcassets */ = {isa = PBXFileReference; lastKnownFileType = folder.assetcatalog; path = Assets.xcassets; sourceTree = "<group>"; };
		A5DEC61D23FAE0DD00E9D08C /* Base */ = {isa = PBXFileReference; lastKnownFileType = file.storyboard; name = Base; path = Base.lproj/LaunchScreen.storyboard; sourceTree = "<group>"; };
		A5DEC61F23FAE0DD00E9D08C /* Info.plist */ = {isa = PBXFileReference; lastKnownFileType = text.plist.xml; path = Info.plist; sourceTree = "<group>"; };
/* End PBXFileReference section */

/* Begin PBXFrameworksBuildPhase section */
		A5DEC60B23FAE0DC00E9D08C /* Frameworks */ = {
			isa = PBXFrameworksBuildPhase;
			buildActionMask = 2147483647;
			files = (
			);
			runOnlyForDeploymentPostprocessing = 0;
		};
/* End PBXFrameworksBuildPhase section */

/* Begin PBXGroup section */
		A5DEC60523FAE0DB00E9D08C = {
			isa = PBXGroup;
			children = (
				A5DEC61023FAE0DC00E9D08C /* UI View Practice */,
				A5DEC60F23FAE0DC00E9D08C /* Products */,
			);
			sourceTree = "<group>";
		};
		A5DEC60F23FAE0DC00E9D08C /* Products */ = {
			isa = PBXGroup;
			children = (
				A5DEC60E23FAE0DC00E9D08C /* UI View Practice.app */,
			);
			name = Products;
			sourceTree = "<group>";
		};
		A5DEC61023FAE0DC00E9D08C /* UI View Practice */ = {
			isa = PBXGroup;
			children = (
				A5DEC61123FAE0DC00E9D08C /* AppDelegate.swift */,
				A5DEC61323FAE0DC00E9D08C /* SceneDelegate.swift */,
				A5DEC61523FAE0DC00E9D08C /* ViewController.swift */,
				A5DEC61723FAE0DC00E9D08C /* Main.storyboard */,
				A5DEC61A23FAE0DD00E9D08C /* Assets.xcassets */,
				A5DEC61C23FAE0DD00E9D08C /* LaunchScreen.storyboard */,
				A5DEC61F23FAE0DD00E9D08C /* Info.plist */,
			);
			path = "UI View Practice";
			sourceTree = "<group>";
		};
/* End PBXGroup section */

/* Begin PBXNativeTarget section */
		A5DEC60D23FAE0DC00E9D08C /* UI View Practice */ = {
			isa = PBXNativeTarget;
			buildConfigurationList = A5DEC62223FAE0DD00E9D08C /* Build configuration list for PBXNativeTarget "UI View Practice" */;
			buildPhases = (
				A5DEC60A23FAE0DC00E9D08C /* Sources */,
				A5DEC60B23FAE0DC00E9D08C /* Frameworks */,
				A5DEC60C23FAE0DC00E9D08C /* Resources */,
			);
			buildRules = (
			);
			dependencies = (
			);
			name = "UI View Practice";
			productName = "UI View Practice";
			productReference = A5DEC60E23FAE0DC00E9D08C /* UI View Practice.app */;
			productType = "com.apple.product-type.application";
		};
/* End PBXNativeTarget section */

/* Begin PBXProject section */
		A5DEC60623FAE0DB00E9D08C /* Project object */ = {
			isa = PBXProject;
			attributes = {
				LastSwiftUpdateCheck = 1130;
				LastUpgradeCheck = 1130;
				TargetAttributes = {
					A5DEC60D23FAE0DC00E9D08C = {
						CreatedOnToolsVersion = 11.3;
					};
				};
			};
			buildConfigurationList = A5DEC60923FAE0DB00E9D08C /* Build configuration list for PBXProject "UI View Practice" */;
			compatibilityVersion = "Xcode 9.3";
			developmentRegion = en;
			hasScannedForEncodings = 0;
			knownRegions = (
				en,
				Base,
			);
			mainGroup = A5DEC60523FAE0DB00E9D08C;
			productRefGroup = A5DEC60F23FAE0DC00E9D08C /* Products */;
			projectDirPath = "";
			projectRoot = "";
			targets = (
				A5DEC60D23FAE0DC00E9D08C /* UI View Practice */,
			);
		};
/* End PBXProject section */

/* Begin PBXResourcesBuildPhase section */
		A5DEC60C23FAE0DC00E9D08C /* Resources */ = {
			isa = PBXResourcesBuildPhase;
			buildActionMask = 2147483647;
			files = (
				A5DEC61E23FAE0DD00E9D08C /* LaunchScreen.storyboard in Resources */,
				A5DEC61B23FAE0DD00E9D08C /* Assets.xcassets in Resources */,
				A5DEC61923FAE0DC00E9D08C /* Main.storyboard in Resources */,
			);
			runOnlyForDeploymentPostprocessing = 0;
		};
/* End PBXResourcesBuildPhase section */

/* Begin PBXSourcesBuildPhase section */
		A5DEC60A23FAE0DC00E9D08C /* Sources */ = {
			isa = PBXSourcesBuildPhase;
			buildActionMask = 2147483647;
			files = (
				A5DEC61623FAE0DC00E9D08C /* ViewController.swift in Sources */,
				A5DEC61223FAE0DC00E9D08C /* AppDelegate.swift in Sources */,
				A5DEC61423FAE0DC00E9D08C /* SceneDelegate.swift in Sources */,
			);
			runOnlyForDeploymentPostprocessing = 0;
		};
/* End PBXSourcesBuildPhase section */

/* Begin PBXVariantGroup section */
		A5DEC61723FAE0DC00E9D08C /* Main.storyboard */ = {
			isa = PBXVariantGroup;
			children = (
				A5DEC61823FAE0DC00E9D08C /* Base */,
			);
			name = Main.storyboard;
			sourceTree = "<group>";
		};
		A5DEC61C23FAE0DD00E9D08C /* LaunchScreen.storyboard */ = {
			isa = PBXVariantGroup;
			children = (
				A5DEC61D23FAE0DD00E9D08C /* Base */,
			);
			name = LaunchScreen.storyboard;
			sourceTree = "<group>";
		};
/* End PBXVariantGroup section */

/* Begin XCBuildConfiguration section */
		A5DEC62023FAE0DD00E9D08C /* Debug */ = {
			isa = XCBuildConfiguration;
			buildSettings = {
				ALWAYS_SEARCH_USER_PATHS = NO;
				CLANG_ANALYZER_NONNULL = YES;
				CLANG_ANALYZER_NUMBER_OBJECT_CONVERSION = YES_AGGRESSIVE;
				CLANG_CXX_LANGUAGE_STANDARD = "gnu++14";
				CLANG_CXX_LIBRARY = "libc++";
				CLANG_ENABLE_MODULES = YES;
				CLANG_ENABLE_OBJC_ARC = YES;
				CLANG_ENABLE_OBJC_WEAK = YES;
				CLANG_WARN_BLOCK_CAPTURE_AUTORELEASING = YES;
				CLANG_WARN_BOOL_CONVERSION = YES;
				CLANG_WARN_COMMA = YES;
				CLANG_WARN_CONSTANT_CONVERSION = YES;
				CLANG_WARN_DEPRECATED_OBJC_IMPLEMENTATIONS = YES;
				CLANG_WARN_DIRECT_OBJC_ISA_USAGE = YES_ERROR;
				CLANG_WARN_DOCUMENTATION_COMMENTS = YES;
				CLANG_WARN_EMPTY_BODY = YES;
				CLANG_WARN_ENUM_CONVERSION = YES;
				CLANG_WARN_INFINITE_RECURSION = YES;
				CLANG_WARN_INT_CONVERSION = YES;
				CLANG_WARN_NON_LITERAL_NULL_CONVERSION = YES;
				CLANG_WARN_OBJC_IMPLICIT_RETAIN_SELF = YES;
				CLANG_WARN_OBJC_LITERAL_CONVERSION = YES;
				CLANG_WARN_OBJC_ROOT_CLASS = YES_ERROR;
				CLANG_WARN_RANGE_LOOP_ANALYSIS = YES;
				CLANG_WARN_STRICT_PROTOTYPES = YES;
				CLANG_WARN_SUSPICIOUS_MOVE = YES;
				CLANG_WARN_UNGUARDED_AVAILABILITY = YES_AGGRESSIVE;
				CLANG_WARN_UNREACHABLE_CODE = YES;
				CLANG_WARN__DUPLICATE_METHOD_MATCH = YES;
				COPY_PHASE_STRIP = NO;
				DEBUG_INFORMATION_FORMAT = dwarf;
				ENABLE_STRICT_OBJC_MSGSEND = YES;
				ENABLE_TESTABILITY = YES;
				GCC_C_LANGUAGE_STANDARD = gnu11;
				GCC_DYNAMIC_NO_PIC = NO;
				GCC_NO_COMMON_BLOCKS = YES;
				GCC_OPTIMIZATION_LEVEL = 0;
				GCC_PREPROCESSOR_DEFINITIONS = (
					"DEBUG=1",
					"$(inherited)",
				);
				GCC_WARN_64_TO_32_BIT_CONVERSION = YES;
				GCC_WARN_ABOUT_RETURN_TYPE = YES_ERROR;
				GCC_WARN_UNDECLARED_SELECTOR = YES;
				GCC_WARN_UNINITIALIZED_AUTOS = YES_AGGRESSIVE;
				GCC_WARN_UNUSED_FUNCTION = YES;
				GCC_WARN_UNUSED_VARIABLE = YES;
				IPHONEOS_DEPLOYMENT_TARGET = 13.2;
				MTL_ENABLE_DEBUG_INFO = INCLUDE_SOURCE;
				MTL_FAST_MATH = YES;
				ONLY_ACTIVE_ARCH = YES;
				SDKROOT = iphoneos;
				SWIFT_ACTIVE_COMPILATION_CONDITIONS = DEBUG;
				SWIFT_OPTIMIZATION_LEVEL = "-Onone";
			};
			name = Debug;
		};
		A5DEC62123FAE0DD00E9D08C /* Release */ = {
			isa = XCBuildConfiguration;
			buildSettings = {
				ALWAYS_SEARCH_USER_PATHS = NO;
				CLANG_ANALYZER_NONNULL = YES;
				CLANG_ANALYZER_NUMBER_OBJECT_CONVERSION = YES_AGGRESSIVE;
				CLANG_CXX_LANGUAGE_STANDARD = "gnu++14";
				CLANG_CXX_LIBRARY = "libc++";
				CLANG_ENABLE_MODULES = YES;
				CLANG_ENABLE_OBJC_ARC = YES;
				CLANG_ENABLE_OBJC_WEAK = YES;
				CLANG_WARN_BLOCK_CAPTURE_AUTORELEASING = YES;
				CLANG_WARN_BOOL_CONVERSION = YES;
				CLANG_WARN_COMMA = YES;
				CLANG_WARN_CONSTANT_CONVERSION = YES;
				CLANG_WARN_DEPRECATED_OBJC_IMPLEMENTATIONS = YES;
				CLANG_WARN_DIRECT_OBJC_ISA_USAGE = YES_ERROR;
				CLANG_WARN_DOCUMENTATION_COMMENTS = YES;
				CLANG_WARN_EMPTY_BODY = YES;
				CLANG_WARN_ENUM_CONVERSION = YES;
				CLANG_WARN_INFINITE_RECURSION = YES;
				CLANG_WARN_INT_CONVERSION = YES;
				CLANG_WARN_NON_LITERAL_NULL_CONVERSION = YES;
				CLANG_WARN_OBJC_IMPLICIT_RETAIN_SELF = YES;
				CLANG_WARN_OBJC_LITERAL_CONVERSION = YES;
				CLANG_WARN_OBJC_ROOT_CLASS = YES_ERROR;
				CLANG_WARN_RANGE_LOOP_ANALYSIS = YES;
				CLANG_WARN_STRICT_PROTOTYPES = YES;
				CLANG_WARN_SUSPICIOUS_MOVE = YES;
				CLANG_WARN_UNGUARDED_AVAILABILITY = YES_AGGRESSIVE;
				CLANG_WARN_UNREACHABLE_CODE = YES;
				CLANG_WARN__DUPLICATE_METHOD_MATCH = YES;
				COPY_PHASE_STRIP = NO;
				DEBUG_INFORMATION_FORMAT = "dwarf-with-dsym";
				ENABLE_NS_ASSERTIONS = NO;
				ENABLE_STRICT_OBJC_MSGSEND = YES;
				GCC_C_LANGUAGE_STANDARD = gnu11;
				GCC_NO_COMMON_BLOCKS = YES;
				GCC_WARN_64_TO_32_BIT_CONVERSION = YES;
				GCC_WARN_ABOUT_RETURN_TYPE = YES_ERROR;
				GCC_WARN_UNDECLARED_SELECTOR = YES;
				GCC_WARN_UNINITIALIZED_AUTOS = YES_AGGRESSIVE;
				GCC_WARN_UNUSED_FUNCTION = YES;
				GCC_WARN_UNUSED_VARIABLE = YES;
				IPHONEOS_DEPLOYMENT_TARGET = 13.2;
				MTL_ENABLE_DEBUG_INFO = NO;
				MTL_FAST_MATH = YES;
				SDKROOT = iphoneos;
				SWIFT_COMPILATION_MODE = wholemodule;
				SWIFT_OPTIMIZATION_LEVEL = "-O";
				VALIDATE_PRODUCT = YES;
			};
			name = Release;
		};
		A5DEC62323FAE0DD00E9D08C /* Debug */ = {
			isa = XCBuildConfiguration;
			buildSettings = {
				ASSETCATALOG_COMPILER_APPICON_NAME = AppIcon;
				CODE_SIGN_STYLE = Automatic;
				INFOPLIST_FILE = "UI View Practice/Info.plist";
				LD_RUNPATH_SEARCH_PATHS = (
					"$(inherited)",
					"@executable_path/Frameworks",
				);
				PRODUCT_BUNDLE_IDENTIFIER = "ITESM.UI-View-Practice";
				PRODUCT_NAME = "$(TARGET_NAME)";
				SWIFT_VERSION = 5.0;
				TARGETED_DEVICE_FAMILY = "1,2";
			};
			name = Debug;
		};
		A5DEC62423FAE0DD00E9D08C /* Release */ = {
			isa = XCBuildConfiguration;
			buildSettings = {
				ASSETCATALOG_COMPILER_APPICON_NAME = AppIcon;
				CODE_SIGN_STYLE = Automatic;
				INFOPLIST_FILE = "UI View Practice/Info.plist";
				LD_RUNPATH_SEARCH_PATHS = (
					"$(inherited)",
					"@executable_path/Frameworks",
				);
				PRODUCT_BUNDLE_IDENTIFIER = "ITESM.UI-View-Practice";
				PRODUCT_NAME = "$(TARGET_NAME)";
				SWIFT_VERSION = 5.0;
				TARGETED_DEVICE_FAMILY = "1,2";
			};
			name = Release;
		};
/* End XCBuildConfiguration section */

/* Begin XCConfigurationList section */
		A5DEC60923FAE0DB00E9D08C /* Build configuration list for PBXProject "UI View Practice" */ = {
			isa = XCConfigurationList;
			buildConfigurations = (
				A5DEC62023FAE0DD00E9D08C /* Debug */,
				A5DEC62123FAE0DD00E9D08C /* Release */,
			);
			defaultConfigurationIsVisible = 0;
			defaultConfigurationName = Release;
		};
		A5DEC62223FAE0DD00E9D08C /* Build configuration list for PBXNativeTarget "UI View Practice" */ = {
			isa = XCConfigurationList;
			buildConfigurations = (
				A5DEC62323FAE0DD00E9D08C /* Debug */,
				A5DEC62423FAE0DD00E9D08C /* Release */,
			);
			defaultConfigurationIsVisible = 0;
			defaultConfigurationName = Release;
		};
/* End XCConfigurationList section */
	};
	rootObject = A5DEC60623FAE0DB00E9D08C /* Project object */;
}
