// !$*UTF8*$!
{
	archiveVersion = 1;
	classes = {
	};
	objectVersion = 50;
	objects = {

/* Begin PBXBuildFile section */
		A54AFD43240C94DD00C7FBE1 /* AppDelegate.swift in Sources */ = {isa = PBXBuildFile; fileRef = A54AFD42240C94DD00C7FBE1 /* AppDelegate.swift */; };
		A54AFD45240C94DD00C7FBE1 /* SceneDelegate.swift in Sources */ = {isa = PBXBuildFile; fileRef = A54AFD44240C94DD00C7FBE1 /* SceneDelegate.swift */; };
		A54AFD47240C94DD00C7FBE1 /* ViewController.swift in Sources */ = {isa = PBXBuildFile; fileRef = A54AFD46240C94DD00C7FBE1 /* ViewController.swift */; };
		A54AFD4A240C94DD00C7FBE1 /* Main.storyboard in Resources */ = {isa = PBXBuildFile; fileRef = A54AFD48240C94DD00C7FBE1 /* Main.storyboard */; };
		A54AFD4C240C94DF00C7FBE1 /* Assets.xcassets in Resources */ = {isa = PBXBuildFile; fileRef = A54AFD4B240C94DF00C7FBE1 /* Assets.xcassets */; };
		A54AFD4F240C94DF00C7FBE1 /* LaunchScreen.storyboard in Resources */ = {isa = PBXBuildFile; fileRef = A54AFD4D240C94DF00C7FBE1 /* LaunchScreen.storyboard */; };
/* End PBXBuildFile section */

/* Begin PBXFileReference section */
		A54AFD3F240C94DD00C7FBE1 /* T3 Figuras geometricas.app */ = {isa = PBXFileReference; explicitFileType = wrapper.application; includeInIndex = 0; path = "T3 Figuras geometricas.app"; sourceTree = BUILT_PRODUCTS_DIR; };
		A54AFD42240C94DD00C7FBE1 /* AppDelegate.swift */ = {isa = PBXFileReference; lastKnownFileType = sourcecode.swift; path = AppDelegate.swift; sourceTree = "<group>"; };
		A54AFD44240C94DD00C7FBE1 /* SceneDelegate.swift */ = {isa = PBXFileReference; lastKnownFileType = sourcecode.swift; path = SceneDelegate.swift; sourceTree = "<group>"; };
		A54AFD46240C94DD00C7FBE1 /* ViewController.swift */ = {isa = PBXFileReference; lastKnownFileType = sourcecode.swift; path = ViewController.swift; sourceTree = "<group>"; };
		A54AFD49240C94DD00C7FBE1 /* Base */ = {isa = PBXFileReference; lastKnownFileType = file.storyboard; name = Base; path = Base.lproj/Main.storyboard; sourceTree = "<group>"; };
		A54AFD4B240C94DF00C7FBE1 /* Assets.xcassets */ = {isa = PBXFileReference; lastKnownFileType = folder.assetcatalog; path = Assets.xcassets; sourceTree = "<group>"; };
		A54AFD4E240C94DF00C7FBE1 /* Base */ = {isa = PBXFileReference; lastKnownFileType = file.storyboard; name = Base; path = Base.lproj/LaunchScreen.storyboard; sourceTree = "<group>"; };
		A54AFD50240C94DF00C7FBE1 /* Info.plist */ = {isa = PBXFileReference; lastKnownFileType = text.plist.xml; path = Info.plist; sourceTree = "<group>"; };
/* End PBXFileReference section */

/* Begin PBXFrameworksBuildPhase section */
		A54AFD3C240C94DD00C7FBE1 /* Frameworks */ = {
			isa = PBXFrameworksBuildPhase;
			buildActionMask = 2147483647;
			files = (
			);
			runOnlyForDeploymentPostprocessing = 0;
		};
/* End PBXFrameworksBuildPhase section */

/* Begin PBXGroup section */
		A54AFD36240C94DD00C7FBE1 = {
			isa = PBXGroup;
			children = (
				A54AFD41240C94DD00C7FBE1 /* T3 Figuras geometricas */,
				A54AFD40240C94DD00C7FBE1 /* Products */,
			);
			sourceTree = "<group>";
		};
		A54AFD40240C94DD00C7FBE1 /* Products */ = {
			isa = PBXGroup;
			children = (
				A54AFD3F240C94DD00C7FBE1 /* T3 Figuras geometricas.app */,
			);
			name = Products;
			sourceTree = "<group>";
		};
		A54AFD41240C94DD00C7FBE1 /* T3 Figuras geometricas */ = {
			isa = PBXGroup;
			children = (
				A54AFD42240C94DD00C7FBE1 /* AppDelegate.swift */,
				A54AFD44240C94DD00C7FBE1 /* SceneDelegate.swift */,
				A54AFD46240C94DD00C7FBE1 /* ViewController.swift */,
				A54AFD48240C94DD00C7FBE1 /* Main.storyboard */,
				A54AFD4B240C94DF00C7FBE1 /* Assets.xcassets */,
				A54AFD4D240C94DF00C7FBE1 /* LaunchScreen.storyboard */,
				A54AFD50240C94DF00C7FBE1 /* Info.plist */,
			);
			path = "T3 Figuras geometricas";
			sourceTree = "<group>";
		};
/* End PBXGroup section */

/* Begin PBXNativeTarget section */
		A54AFD3E240C94DD00C7FBE1 /* T3 Figuras geometricas */ = {
			isa = PBXNativeTarget;
			buildConfigurationList = A54AFD53240C94DF00C7FBE1 /* Build configuration list for PBXNativeTarget "T3 Figuras geometricas" */;
			buildPhases = (
				A54AFD3B240C94DD00C7FBE1 /* Sources */,
				A54AFD3C240C94DD00C7FBE1 /* Frameworks */,
				A54AFD3D240C94DD00C7FBE1 /* Resources */,
			);
			buildRules = (
			);
			dependencies = (
			);
			name = "T3 Figuras geometricas";
			productName = "T3 Figuras geometricas";
			productReference = A54AFD3F240C94DD00C7FBE1 /* T3 Figuras geometricas.app */;
			productType = "com.apple.product-type.application";
		};
/* End PBXNativeTarget section */

/* Begin PBXProject section */
		A54AFD37240C94DD00C7FBE1 /* Project object */ = {
			isa = PBXProject;
			attributes = {
				LastSwiftUpdateCheck = 1130;
				LastUpgradeCheck = 1130;
				TargetAttributes = {
					A54AFD3E240C94DD00C7FBE1 = {
						CreatedOnToolsVersion = 11.3.1;
					};
				};
			};
			buildConfigurationList = A54AFD3A240C94DD00C7FBE1 /* Build configuration list for PBXProject "T3 Figuras geometricas" */;
			compatibilityVersion = "Xcode 9.3";
			developmentRegion = en;
			hasScannedForEncodings = 0;
			knownRegions = (
				en,
				Base,
			);
			mainGroup = A54AFD36240C94DD00C7FBE1;
			productRefGroup = A54AFD40240C94DD00C7FBE1 /* Products */;
			projectDirPath = "";
			projectRoot = "";
			targets = (
				A54AFD3E240C94DD00C7FBE1 /* T3 Figuras geometricas */,
			);
		};
/* End PBXProject section */

/* Begin PBXResourcesBuildPhase section */
		A54AFD3D240C94DD00C7FBE1 /* Resources */ = {
			isa = PBXResourcesBuildPhase;
			buildActionMask = 2147483647;
			files = (
				A54AFD4F240C94DF00C7FBE1 /* LaunchScreen.storyboard in Resources */,
				A54AFD4C240C94DF00C7FBE1 /* Assets.xcassets in Resources */,
				A54AFD4A240C94DD00C7FBE1 /* Main.storyboard in Resources */,
			);
			runOnlyForDeploymentPostprocessing = 0;
		};
/* End PBXResourcesBuildPhase section */

/* Begin PBXSourcesBuildPhase section */
		A54AFD3B240C94DD00C7FBE1 /* Sources */ = {
			isa = PBXSourcesBuildPhase;
			buildActionMask = 2147483647;
			files = (
				A54AFD47240C94DD00C7FBE1 /* ViewController.swift in Sources */,
				A54AFD43240C94DD00C7FBE1 /* AppDelegate.swift in Sources */,
				A54AFD45240C94DD00C7FBE1 /* SceneDelegate.swift in Sources */,
			);
			runOnlyForDeploymentPostprocessing = 0;
		};
/* End PBXSourcesBuildPhase section */

/* Begin PBXVariantGroup section */
		A54AFD48240C94DD00C7FBE1 /* Main.storyboard */ = {
			isa = PBXVariantGroup;
			children = (
				A54AFD49240C94DD00C7FBE1 /* Base */,
			);
			name = Main.storyboard;
			sourceTree = "<group>";
		};
		A54AFD4D240C94DF00C7FBE1 /* LaunchScreen.storyboard */ = {
			isa = PBXVariantGroup;
			children = (
				A54AFD4E240C94DF00C7FBE1 /* Base */,
			);
			name = LaunchScreen.storyboard;
			sourceTree = "<group>";
		};
/* End PBXVariantGroup section */

/* Begin XCBuildConfiguration section */
		A54AFD51240C94DF00C7FBE1 /* Debug */ = {
			isa = XCBuildConfiguration;
			buildSettings = {
				ALWAYS_SEARCH_USER_PATHS = NO;
				CLANG_ANALYZER_NONNULL = YES;
				CLANG_ANALYZER_NUMBER_OBJECT_CONVERSION = YES_AGGRESSIVE;
				CLANG_CXX_LANGUAGE_STANDARD = "gnu++14";
				CLANG_CXX_LIBRARY = "libc++";
				CLANG_ENABLE_MODULES = YES;
				CLANG_ENABLE_OBJC_ARC = YES;
				CLANG_ENABLE_OBJC_WEAK = YES;
				CLANG_WARN_BLOCK_CAPTURE_AUTORELEASING = YES;
				CLANG_WARN_BOOL_CONVERSION = YES;
				CLANG_WARN_COMMA = YES;
				CLANG_WARN_CONSTANT_CONVERSION = YES;
				CLANG_WARN_DEPRECATED_OBJC_IMPLEMENTATIONS = YES;
				CLANG_WARN_DIRECT_OBJC_ISA_USAGE = YES_ERROR;
				CLANG_WARN_DOCUMENTATION_COMMENTS = YES;
				CLANG_WARN_EMPTY_BODY = YES;
				CLANG_WARN_ENUM_CONVERSION = YES;
				CLANG_WARN_INFINITE_RECURSION = YES;
				CLANG_WARN_INT_CONVERSION = YES;
				CLANG_WARN_NON_LITERAL_NULL_CONVERSION = YES;
				CLANG_WARN_OBJC_IMPLICIT_RETAIN_SELF = YES;
				CLANG_WARN_OBJC_LITERAL_CONVERSION = YES;
				CLANG_WARN_OBJC_ROOT_CLASS = YES_ERROR;
				CLANG_WARN_RANGE_LOOP_ANALYSIS = YES;
				CLANG_WARN_STRICT_PROTOTYPES = YES;
				CLANG_WARN_SUSPICIOUS_MOVE = YES;
				CLANG_WARN_UNGUARDED_AVAILABILITY = YES_AGGRESSIVE;
				CLANG_WARN_UNREACHABLE_CODE = YES;
				CLANG_WARN__DUPLICATE_METHOD_MATCH = YES;
				COPY_PHASE_STRIP = NO;
				DEBUG_INFORMATION_FORMAT = dwarf;
				ENABLE_STRICT_OBJC_MSGSEND = YES;
				ENABLE_TESTABILITY = YES;
				GCC_C_LANGUAGE_STANDARD = gnu11;
				GCC_DYNAMIC_NO_PIC = NO;
				GCC_NO_COMMON_BLOCKS = YES;
				GCC_OPTIMIZATION_LEVEL = 0;
				GCC_PREPROCESSOR_DEFINITIONS = (
					"DEBUG=1",
					"$(inherited)",
				);
				GCC_WARN_64_TO_32_BIT_CONVERSION = YES;
				GCC_WARN_ABOUT_RETURN_TYPE = YES_ERROR;
				GCC_WARN_UNDECLARED_SELECTOR = YES;
				GCC_WARN_UNINITIALIZED_AUTOS = YES_AGGRESSIVE;
				GCC_WARN_UNUSED_FUNCTION = YES;
				GCC_WARN_UNUSED_VARIABLE = YES;
				IPHONEOS_DEPLOYMENT_TARGET = 13.2;
				MTL_ENABLE_DEBUG_INFO = INCLUDE_SOURCE;
				MTL_FAST_MATH = YES;
				ONLY_ACTIVE_ARCH = YES;
				SDKROOT = iphoneos;
				SWIFT_ACTIVE_COMPILATION_CONDITIONS = DEBUG;
				SWIFT_OPTIMIZATION_LEVEL = "-Onone";
			};
			name = Debug;
		};
		A54AFD52240C94DF00C7FBE1 /* Release */ = {
			isa = XCBuildConfiguration;
			buildSettings = {
				ALWAYS_SEARCH_USER_PATHS = NO;
				CLANG_ANALYZER_NONNULL = YES;
				CLANG_ANALYZER_NUMBER_OBJECT_CONVERSION = YES_AGGRESSIVE;
				CLANG_CXX_LANGUAGE_STANDARD = "gnu++14";
				CLANG_CXX_LIBRARY = "libc++";
				CLANG_ENABLE_MODULES = YES;
				CLANG_ENABLE_OBJC_ARC = YES;
				CLANG_ENABLE_OBJC_WEAK = YES;
				CLANG_WARN_BLOCK_CAPTURE_AUTORELEASING = YES;
				CLANG_WARN_BOOL_CONVERSION = YES;
				CLANG_WARN_COMMA = YES;
				CLANG_WARN_CONSTANT_CONVERSION = YES;
				CLANG_WARN_DEPRECATED_OBJC_IMPLEMENTATIONS = YES;
				CLANG_WARN_DIRECT_OBJC_ISA_USAGE = YES_ERROR;
				CLANG_WARN_DOCUMENTATION_COMMENTS = YES;
				CLANG_WARN_EMPTY_BODY = YES;
				CLANG_WARN_ENUM_CONVERSION = YES;
				CLANG_WARN_INFINITE_RECURSION = YES;
				CLANG_WARN_INT_CONVERSION = YES;
				CLANG_WARN_NON_LITERAL_NULL_CONVERSION = YES;
				CLANG_WARN_OBJC_IMPLICIT_RETAIN_SELF = YES;
				CLANG_WARN_OBJC_LITERAL_CONVERSION = YES;
				CLANG_WARN_OBJC_ROOT_CLASS = YES_ERROR;
				CLANG_WARN_RANGE_LOOP_ANALYSIS = YES;
				CLANG_WARN_STRICT_PROTOTYPES = YES;
				CLANG_WARN_SUSPICIOUS_MOVE = YES;
				CLANG_WARN_UNGUARDED_AVAILABILITY = YES_AGGRESSIVE;
				CLANG_WARN_UNREACHABLE_CODE = YES;
				CLANG_WARN__DUPLICATE_METHOD_MATCH = YES;
				COPY_PHASE_STRIP = NO;
				DEBUG_INFORMATION_FORMAT = "dwarf-with-dsym";
				ENABLE_NS_ASSERTIONS = NO;
				ENABLE_STRICT_OBJC_MSGSEND = YES;
				GCC_C_LANGUAGE_STANDARD = gnu11;
				GCC_NO_COMMON_BLOCKS = YES;
				GCC_WARN_64_TO_32_BIT_CONVERSION = YES;
				GCC_WARN_ABOUT_RETURN_TYPE = YES_ERROR;
				GCC_WARN_UNDECLARED_SELECTOR = YES;
				GCC_WARN_UNINITIALIZED_AUTOS = YES_AGGRESSIVE;
				GCC_WARN_UNUSED_FUNCTION = YES;
				GCC_WARN_UNUSED_VARIABLE = YES;
				IPHONEOS_DEPLOYMENT_TARGET = 13.2;
				MTL_ENABLE_DEBUG_INFO = NO;
				MTL_FAST_MATH = YES;
				SDKROOT = iphoneos;
				SWIFT_COMPILATION_MODE = wholemodule;
				SWIFT_OPTIMIZATION_LEVEL = "-O";
				VALIDATE_PRODUCT = YES;
			};
			name = Release;
		};
		A54AFD54240C94DF00C7FBE1 /* Debug */ = {
			isa = XCBuildConfiguration;
			buildSettings = {
				ASSETCATALOG_COMPILER_APPICON_NAME = AppIcon;
				CODE_SIGN_STYLE = Automatic;
				INFOPLIST_FILE = "T3 Figuras geometricas/Info.plist";
				LD_RUNPATH_SEARCH_PATHS = (
					"$(inherited)",
					"@executable_path/Frameworks",
				);
				PRODUCT_BUNDLE_IDENTIFIER = "ITESM.T3-Figuras-geometricas";
				PRODUCT_NAME = "$(TARGET_NAME)";
				SWIFT_VERSION = 5.0;
				TARGETED_DEVICE_FAMILY = "1,2";
			};
			name = Debug;
		};
		A54AFD55240C94DF00C7FBE1 /* Release */ = {
			isa = XCBuildConfiguration;
			buildSettings = {
				ASSETCATALOG_COMPILER_APPICON_NAME = AppIcon;
				CODE_SIGN_STYLE = Automatic;
				INFOPLIST_FILE = "T3 Figuras geometricas/Info.plist";
				LD_RUNPATH_SEARCH_PATHS = (
					"$(inherited)",
					"@executable_path/Frameworks",
				);
				PRODUCT_BUNDLE_IDENTIFIER = "ITESM.T3-Figuras-geometricas";
				PRODUCT_NAME = "$(TARGET_NAME)";
				SWIFT_VERSION = 5.0;
				TARGETED_DEVICE_FAMILY = "1,2";
			};
			name = Release;
		};
/* End XCBuildConfiguration section */

/* Begin XCConfigurationList section */
		A54AFD3A240C94DD00C7FBE1 /* Build configuration list for PBXProject "T3 Figuras geometricas" */ = {
			isa = XCConfigurationList;
			buildConfigurations = (
				A54AFD51240C94DF00C7FBE1 /* Debug */,
				A54AFD52240C94DF00C7FBE1 /* Release */,
			);
			defaultConfigurationIsVisible = 0;
			defaultConfigurationName = Release;
		};
		A54AFD53240C94DF00C7FBE1 /* Build configuration list for PBXNativeTarget "T3 Figuras geometricas" */ = {
			isa = XCConfigurationList;
			buildConfigurations = (
				A54AFD54240C94DF00C7FBE1 /* Debug */,
				A54AFD55240C94DF00C7FBE1 /* Release */,
			);
			defaultConfigurationIsVisible = 0;
			defaultConfigurationName = Release;
		};
/* End XCConfigurationList section */
	};
	rootObject = A54AFD37240C94DD00C7FBE1 /* Project object */;
}
